
Microsoft Visual Studio Solution File, Format Version 12.00
# Visual Studio Version 16
VisualStudioVersion = 16.0.33927.289
MinimumVisualStudioVersion = 10.0.40219.1
Project("{2150E333-8FDC-42A3-9474-1A3956D46DE8}") = "Task0", "Task0", "{EB3E1718-9FA0-4C66-9874-FF685A914109}"
EndProject
Project("{FAE04EC0-301F-11D3-BF4B-00C04F79EFBC}") = "Tyuiu.SmirnovMN.Sprint0.Task0.Variant0", "Tyuiu.SmirnovMN.Sprint0.Task0.Variant0\Tyuiu.SmirnovMN.Sprint0.Task0.Variant0.csproj", "{51ADE494-9031-4059-8215-07B46D03A2F6}"
EndProject
Project("{2150E333-8FDC-42A3-9474-1A3956D46DE8}") = "Task1", "Task1", "{45DB4DF7-48CE-420B-A7CB-C6E5FED6E975}"
EndProject
Project("{FAE04EC0-301F-11D3-BF4B-00C04F79EFBC}") = "Tyuiu.SmirnovMN.Sprint0.Task1.V0", "Tyuiu.SmirnovMN.Sprint0.Task1.V0\Tyuiu.SmirnovMN.Sprint0.Task1.V0.csproj", "{4BDA572C-3589-41FB-A6A2-835E7E0C4877}"
EndProject
Project("{2150E333-8FDC-42A3-9474-1A3956D46DE8}") = "Task2", "Task2", "{14A0B2F6-3096-4772-8D89-CC6C71E5A9B1}"
EndProject
Project("{FAE04EC0-301F-11D3-BF4B-00C04F79EFBC}") = "Tyuiu.SmirnovMN.Sprint0.Task2.V0", "Tyuiu.SmirnovMN.Sprint0.Task2.V0\Tyuiu.SmirnovMN.Sprint0.Task2.V0.csproj", "{7DA5EBF9-986A-4860-8CCE-5355B1782C25}"
EndProject
Project("{FAE04EC0-301F-11D3-BF4B-00C04F79EFBC}") = "Tyuiu.SmirnovMN.Sprint0.Task2.V0.Lib", "Tyuiu.SmirnovMN.Sprint0.Task2.V0.Lib\Tyuiu.SmirnovMN.Sprint0.Task2.V0.Lib.csproj", "{74CC1EE2-54A7-408B-835C-08679E8096A0}"
EndProject
Project("{FAE04EC0-301F-11D3-BF4B-00C04F79EFBC}") = "Tyuiu.SmirnovMN.Sprint0.Task2.V0.Test", "Tyuiu.SmirnovMN.Sprint0.Task2.V0.Test\Tyuiu.SmirnovMN.Sprint0.Task2.V0.Test.csproj", "{B6E339C6-5310-4C37-A18D-A9FEE292F62A}"
EndProject
Global
	GlobalSection(SolutionConfigurationPlatforms) = preSolution
		Debug|Any CPU = Debug|Any CPU
		Release|Any CPU = Release|Any CPU
	EndGlobalSection
	GlobalSection(ProjectConfigurationPlatforms) = postSolution
		{51ADE494-9031-4059-8215-07B46D03A2F6}.Debug|Any CPU.ActiveCfg = Debug|Any CPU
		{51ADE494-9031-4059-8215-07B46D03A2F6}.Debug|Any CPU.Build.0 = Debug|Any CPU
		{51ADE494-9031-4059-8215-07B46D03A2F6}.Release|Any CPU.ActiveCfg = Release|Any CPU
		{51ADE494-9031-4059-8215-07B46D03A2F6}.Release|Any CPU.Build.0 = Release|Any CPU
		{4BDA572C-3589-41FB-A6A2-835E7E0C4877}.Debug|Any CPU.ActiveCfg = Debug|Any CPU
		{4BDA572C-3589-41FB-A6A2-835E7E0C4877}.Debug|Any CPU.Build.0 = Debug|Any CPU
		{4BDA572C-3589-41FB-A6A2-835E7E0C4877}.Release|Any CPU.ActiveCfg = Release|Any CPU
		{4BDA572C-3589-41FB-A6A2-835E7E0C4877}.Release|Any CPU.Build.0 = Release|Any CPU
		{7DA5EBF9-986A-4860-8CCE-5355B1782C25}.Debug|Any CPU.ActiveCfg = Debug|Any CPU
		{7DA5EBF9-986A-4860-8CCE-5355B1782C25}.Debug|Any CPU.Build.0 = Debug|Any CPU
		{7DA5EBF9-986A-4860-8CCE-5355B1782C25}.Release|Any CPU.ActiveCfg = Release|Any CPU
		{7DA5EBF9-986A-4860-8CCE-5355B1782C25}.Release|Any CPU.Build.0 = Release|Any CPU
		{74CC1EE2-54A7-408B-835C-08679E8096A0}.Debug|Any CPU.ActiveCfg = Debug|Any CPU
		{74CC1EE2-54A7-408B-835C-08679E8096A0}.Debug|Any CPU.Build.0 = Debug|Any CPU
		{74CC1EE2-54A7-408B-835C-08679E8096A0}.Release|Any CPU.ActiveCfg = Release|Any CPU
		{74CC1EE2-54A7-408B-835C-08679E8096A0}.Release|Any CPU.Build.0 = Release|Any CPU
		{B6E339C6-5310-4C37-A18D-A9FEE292F62A}.Debug|Any CPU.ActiveCfg = Debug|Any CPU
		{B6E339C6-5310-4C37-A18D-A9FEE292F62A}.Debug|Any CPU.Build.0 = Debug|Any CPU
		{B6E339C6-5310-4C37-A18D-A9FEE292F62A}.Release|Any CPU.ActiveCfg = Release|Any CPU
		{B6E339C6-5310-4C37-A18D-A9FEE292F62A}.Release|Any CPU.Build.0 = Release|Any CPU
	EndGlobalSection
	GlobalSection(SolutionProperties) = preSolution
		HideSolutionNode = FALSE
	EndGlobalSection
	GlobalSection(NestedProjects) = preSolution
		{51ADE494-9031-4059-8215-07B46D03A2F6} = {EB3E1718-9FA0-4C66-9874-FF685A914109}
		{4BDA572C-3589-41FB-A6A2-835E7E0C4877} = {45DB4DF7-48CE-420B-A7CB-C6E5FED6E975}
		{7DA5EBF9-986A-4860-8CCE-5355B1782C25} = {14A0B2F6-3096-4772-8D89-CC6C71E5A9B1}
		{74CC1EE2-54A7-408B-835C-08679E8096A0} = {14A0B2F6-3096-4772-8D89-CC6C71E5A9B1}
		{B6E339C6-5310-4C37-A18D-A9FEE292F62A} = {14A0B2F6-3096-4772-8D89-CC6C71E5A9B1}
	EndGlobalSection
	GlobalSection(ExtensibilityGlobals) = postSolution
		SolutionGuid = {C1335D3D-DA4F-44AE-8B5A-6AE57419C534}
	EndGlobalSection
EndGlobal
