
Microsoft Visual Studio Solution File, Format Version 12.00
# Visual Studio Version 16
VisualStudioVersion = 16.0.33927.289
MinimumVisualStudioVersion = 10.0.40219.1
Project("{2150E333-8FDC-42A3-9474-1A3956D46DE8}") = "Task0", "Task0", "{EB3E1718-9FA0-4C66-9874-FF685A914109}"
EndProject
Project("{FAE04EC0-301F-11D3-BF4B-00C04F79EFBC}") = "Tyuiu.SmirnovMN.Sprint0.Task0.Variant0", "Tyuiu.SmirnovMN.Sprint0.Task0.Variant0\Tyuiu.SmirnovMN.Sprint0.Task0.Variant0.csproj", "{51ADE494-9031-4059-8215-07B46D03A2F6}"
EndProject
Project("{2150E333-8FDC-42A3-9474-1A3956D46DE8}") = "Task1", "Task1", "{45DB4DF7-48CE-420B-A7CB-C6E5FED6E975}"
EndProject
Project("{FAE04EC0-301F-11D3-BF4B-00C04F79EFBC}") = "Tyuiu.SmirnovMN.Sprint0.Task1.V0", "Tyuiu.SmirnovMN.Sprint0.Task1.V0\Tyuiu.SmirnovMN.Sprint0.Task1.V0.csproj", "{4BDA572C-3589-41FB-A6A2-835E7E0C4877}"
EndProject
Project("{2150E333-8FDC-42A3-9474-1A3956D46DE8}") = "Task2", "Task2", "{14A0B2F6-3096-4772-8D89-CC6C71E5A9B1}"
EndProject
Project("{FAE04EC0-301F-11D3-BF4B-00C04F79EFBC}") = "Tyuiu.SmirnovMN.Sprint0.Task2.V0", "Tyuiu.SmirnovMN.Sprint0.Task2.V0\Tyuiu.SmirnovMN.Sprint0.Task2.V0.csproj", "{7DA5EBF9-986A-4860-8CCE-5355B1782C25}"
EndProject
Project("{FAE04EC0-301F-11D3-BF4B-00C04F79EFBC}") = "Tyuiu.SmirnovMN.Sprint0.Task2.V0.Lib", "Tyuiu.SmirnovMN.Sprint0.Task2.V0.Lib\Tyuiu.SmirnovMN.Sprint0.Task2.V0.Lib.csproj", "{74CC1EE2-54A7-408B-835C-08679E8096A0}"
EndProject
Project("{FAE04EC0-301F-11D3-BF4B-00C04F79EFBC}") = "Tyuiu.SmirnovMN.Sprint0.Task2.V0.Test", "Tyuiu.SmirnovMN.Sprint0.Task2.V0.Test\Tyuiu.SmirnovMN.Sprint0.Task2.V0.Test.csproj", "{B6E339C6-5310-4C37-A18D-A9FEE292F62A}"
EndProject
Project("{2150E333-8FDC-42A3-9474-1A3956D46DE8}") = "Task3", "Task3", "{48219796-057F-425A-900B-1AEF89FB3BC8}"
EndProject
Project("{FAE04EC0-301F-11D3-BF4B-00C04F79EFBC}") = "Tyuiu.SmirnovMN.Sprint0.Task3.V0", "Tyuiu.SmirnovMN.Sprint0.Task3.V0\Tyuiu.SmirnovMN.Sprint0.Task3.V0.csproj", "{A7CAC371-46D3-4958-8BF0-1AD33F0E5B9D}"
EndProject
Project("{FAE04EC0-301F-11D3-BF4B-00C04F79EFBC}") = "Tyuiu.SmirnovMN.Sprint0.Task3.V0.Lib", "Tyuiu.SmirnovMN.Sprint0.Task3.V0.Lib\Tyuiu.SmirnovMN.Sprint0.Task3.V0.Lib.csproj", "{6A8D2520-6233-4D26-8BE5-E97C0724C827}"
EndProject
Project("{FAE04EC0-301F-11D3-BF4B-00C04F79EFBC}") = "Tyuiu.SmirnovMN.Sprint0.Task3.V0.Test", "Tyuiu.SmirnovMN.Sprint0.Task3.V0.Test\Tyuiu.SmirnovMN.Sprint0.Task3.V0.Test.csproj", "{66AD30A3-D315-457B-8EDF-7D7AD933030A}"
EndProject
Project("{2150E333-8FDC-42A3-9474-1A3956D46DE8}") = "Task4", "Task4", "{052C3B0A-CA88-4DF5-9427-166E7074B069}"
EndProject
Project("{FAE04EC0-301F-11D3-BF4B-00C04F79EFBC}") = "Tyuiu.SmirnovMN.Sprint0.Task4.V0", "Tyuiu.SmirnovMN.Sprint0.Task4.V0\Tyuiu.SmirnovMN.Sprint0.Task4.V0.csproj", "{9081EAE8-C046-46C2-B377-B3DDA1BCA4BD}"
EndProject
Project("{FAE04EC0-301F-11D3-BF4B-00C04F79EFBC}") = "Tyuiu.SmirnovMN.Sprint0.Task4.V0.Lib", "Tyuiu.SmirnovMN.Sprint0.Task4.V0.Lib\Tyuiu.SmirnovMN.Sprint0.Task4.V0.Lib.csproj", "{0040C425-09A2-454D-9F99-3271629FCD6B}"
EndProject
Project("{FAE04EC0-301F-11D3-BF4B-00C04F79EFBC}") = "Tyuiu.SmirnovMN.Sprint0.Task4.V0.Test", "Tyuiu.SmirnovMN.Sprint0.Task4.V0.Test\Tyuiu.SmirnovMN.Sprint0.Task4.V0.Test.csproj", "{5E4119DE-BB7C-4D7F-B90E-DC7E8E7E27B5}"
EndProject
Project("{2150E333-8FDC-42A3-9474-1A3956D46DE8}") = "Task5", "Task5", "{1042795C-95F9-4C6D-841A-F328D3B20E5C}"
EndProject
Project("{FAE04EC0-301F-11D3-BF4B-00C04F79EFBC}") = "Tyuiu.SmirnovMN.Sprint0.Task5.V0", "Tyuiu.SmirnovMN.Sprint0.Task5.V0\Tyuiu.SmirnovMN.Sprint0.Task5.V0.csproj", "{4C28E04B-8662-4220-908A-FE449E8A8BD0}"
EndProject
Project("{FAE04EC0-301F-11D3-BF4B-00C04F79EFBC}") = "Tyuiu.SmirnovMN.Sprint0.Task5.V0.Lib", "Tyuiu.SmirnovMN.Sprint0.Task5.V0.Lib\Tyuiu.SmirnovMN.Sprint0.Task5.V0.Lib.csproj", "{2EFC63D5-5479-4B30-99E4-4EE775F9E8E5}"
EndProject
Project("{FAE04EC0-301F-11D3-BF4B-00C04F79EFBC}") = "Tyuiu.SmirnovMN.Sprint0.Task5.V0.Test", "Tyuiu.SmirnovMN.Sprint0.Task5.V0.Test\Tyuiu.SmirnovMN.Sprint0.Task5.V0.Test.csproj", "{E8BFAB53-EFB9-488D-B893-FF76031470D3}"
EndProject
Project("{2150E333-8FDC-42A3-9474-1A3956D46DE8}") = "Task6", "Task6", "{85DAE9FA-E369-4BF8-8B1A-608E2773C6A6}"
EndProject
Project("{FAE04EC0-301F-11D3-BF4B-00C04F79EFBC}") = "Tyuiu.SmirnovMN.Sprint0.Task6.V0", "Tyuiu.SmirnovMN.Sprint0.Task6.V0\Tyuiu.SmirnovMN.Sprint0.Task6.V0.csproj", "{A4A989FB-EB83-4993-B842-BB27C55389DB}"
EndProject
Project("{FAE04EC0-301F-11D3-BF4B-00C04F79EFBC}") = "Tyuiu.SmirnovMN.Sprint0.Task6.V0.Lib", "Tyuiu.SmirnovMN.Sprint0.Task6.V0.Lib\Tyuiu.SmirnovMN.Sprint0.Task6.V0.Lib.csproj", "{0E800670-DB52-4C97-86BA-743B1BD54AB0}"
EndProject
Project("{FAE04EC0-301F-11D3-BF4B-00C04F79EFBC}") = "Tyuiu.SmirnovMN.Sprint0.Task6.V0.Test", "Tyuiu.SmirnovMN.Sprint0.Task6.V0.Test\Tyuiu.SmirnovMN.Sprint0.Task6.V0.Test.csproj", "{19A05D34-0417-4503-914A-7B758EDF5B8C}"
EndProject
Project("{2150E333-8FDC-42A3-9474-1A3956D46DE8}") = "NewFolder1", "NewFolder1", "{BD532368-E055-43BE-B7F5-B0F7578E1874}"
EndProject
Project("{2150E333-8FDC-42A3-9474-1A3956D46DE8}") = "NewFolder2", "NewFolder2", "{CF663DCA-C786-4FD7-9DC0-389428FA9B85}"
EndProject
Project("{FAE04EC0-301F-11D3-BF4B-00C04F79EFBC}") = "Tyuiu.SmirnovMN.Sprint0.Task7.V0", "Tyuiu.SmirnovMN.Sprint0.Task7.V0\Tyuiu.SmirnovMN.Sprint0.Task7.V0.csproj", "{ABC9396C-3412-4135-9AF6-40F17E4F2C04}"
EndProject
Project("{FAE04EC0-301F-11D3-BF4B-00C04F79EFBC}") = "Tyuiu.SmirnovMN.Sprint0.Task7.V0.Lib", "Tyuiu.SmirnovMN.Sprint0.Task7.V0.Lib\Tyuiu.SmirnovMN.Sprint0.Task7.V0.Lib.csproj", "{7BCE1ACA-C632-4028-B51E-FA3E4AB534A1}"
EndProject
Project("{FAE04EC0-301F-11D3-BF4B-00C04F79EFBC}") = "Tyuiu.SmirnovMN.Sprint0.Task7.V0.Test", "Tyuiu.SmirnovMN.Sprint0.Task7.V0.Test\Tyuiu.SmirnovMN.Sprint0.Task7.V0.Test.csproj", "{666F1616-8014-466C-9106-059177533E5B}"
EndProject
Global
	GlobalSection(SolutionConfigurationPlatforms) = preSolution
		Debug|Any CPU = Debug|Any CPU
		Release|Any CPU = Release|Any CPU
	EndGlobalSection
	GlobalSection(ProjectConfigurationPlatforms) = postSolution
		{51ADE494-9031-4059-8215-07B46D03A2F6}.Debug|Any CPU.ActiveCfg = Debug|Any CPU
		{51ADE494-9031-4059-8215-07B46D03A2F6}.Debug|Any CPU.Build.0 = Debug|Any CPU
		{51ADE494-9031-4059-8215-07B46D03A2F6}.Release|Any CPU.ActiveCfg = Release|Any CPU
		{51ADE494-9031-4059-8215-07B46D03A2F6}.Release|Any CPU.Build.0 = Release|Any CPU
		{4BDA572C-3589-41FB-A6A2-835E7E0C4877}.Debug|Any CPU.ActiveCfg = Debug|Any CPU
		{4BDA572C-3589-41FB-A6A2-835E7E0C4877}.Debug|Any CPU.Build.0 = Debug|Any CPU
		{4BDA572C-3589-41FB-A6A2-835E7E0C4877}.Release|Any CPU.ActiveCfg = Release|Any CPU
		{4BDA572C-3589-41FB-A6A2-835E7E0C4877}.Release|Any CPU.Build.0 = Release|Any CPU
		{7DA5EBF9-986A-4860-8CCE-5355B1782C25}.Debug|Any CPU.ActiveCfg = Debug|Any CPU
		{7DA5EBF9-986A-4860-8CCE-5355B1782C25}.Debug|Any CPU.Build.0 = Debug|Any CPU
		{7DA5EBF9-986A-4860-8CCE-5355B1782C25}.Release|Any CPU.ActiveCfg = Release|Any CPU
		{7DA5EBF9-986A-4860-8CCE-5355B1782C25}.Release|Any CPU.Build.0 = Release|Any CPU
		{74CC1EE2-54A7-408B-835C-08679E8096A0}.Debug|Any CPU.ActiveCfg = Debug|Any CPU
		{74CC1EE2-54A7-408B-835C-08679E8096A0}.Debug|Any CPU.Build.0 = Debug|Any CPU
		{74CC1EE2-54A7-408B-835C-08679E8096A0}.Release|Any CPU.ActiveCfg = Release|Any CPU
		{74CC1EE2-54A7-408B-835C-08679E8096A0}.Release|Any CPU.Build.0 = Release|Any CPU
		{B6E339C6-5310-4C37-A18D-A9FEE292F62A}.Debug|Any CPU.ActiveCfg = Debug|Any CPU
		{B6E339C6-5310-4C37-A18D-A9FEE292F62A}.Debug|Any CPU.Build.0 = Debug|Any CPU
		{B6E339C6-5310-4C37-A18D-A9FEE292F62A}.Release|Any CPU.ActiveCfg = Release|Any CPU
		{B6E339C6-5310-4C37-A18D-A9FEE292F62A}.Release|Any CPU.Build.0 = Release|Any CPU
		{A7CAC371-46D3-4958-8BF0-1AD33F0E5B9D}.Debug|Any CPU.ActiveCfg = Debug|Any CPU
		{A7CAC371-46D3-4958-8BF0-1AD33F0E5B9D}.Debug|Any CPU.Build.0 = Debug|Any CPU
		{A7CAC371-46D3-4958-8BF0-1AD33F0E5B9D}.Release|Any CPU.ActiveCfg = Release|Any CPU
		{A7CAC371-46D3-4958-8BF0-1AD33F0E5B9D}.Release|Any CPU.Build.0 = Release|Any CPU
		{6A8D2520-6233-4D26-8BE5-E97C0724C827}.Debug|Any CPU.ActiveCfg = Debug|Any CPU
		{6A8D2520-6233-4D26-8BE5-E97C0724C827}.Debug|Any CPU.Build.0 = Debug|Any CPU
		{6A8D2520-6233-4D26-8BE5-E97C0724C827}.Release|Any CPU.ActiveCfg = Release|Any CPU
		{6A8D2520-6233-4D26-8BE5-E97C0724C827}.Release|Any CPU.Build.0 = Release|Any CPU
		{66AD30A3-D315-457B-8EDF-7D7AD933030A}.Debug|Any CPU.ActiveCfg = Debug|Any CPU
		{66AD30A3-D315-457B-8EDF-7D7AD933030A}.Debug|Any CPU.Build.0 = Debug|Any CPU
		{66AD30A3-D315-457B-8EDF-7D7AD933030A}.Release|Any CPU.ActiveCfg = Release|Any CPU
		{66AD30A3-D315-457B-8EDF-7D7AD933030A}.Release|Any CPU.Build.0 = Release|Any CPU
		{9081EAE8-C046-46C2-B377-B3DDA1BCA4BD}.Debug|Any CPU.ActiveCfg = Debug|Any CPU
		{9081EAE8-C046-46C2-B377-B3DDA1BCA4BD}.Debug|Any CPU.Build.0 = Debug|Any CPU
		{9081EAE8-C046-46C2-B377-B3DDA1BCA4BD}.Release|Any CPU.ActiveCfg = Release|Any CPU
		{9081EAE8-C046-46C2-B377-B3DDA1BCA4BD}.Release|Any CPU.Build.0 = Release|Any CPU
		{0040C425-09A2-454D-9F99-3271629FCD6B}.Debug|Any CPU.ActiveCfg = Debug|Any CPU
		{0040C425-09A2-454D-9F99-3271629FCD6B}.Debug|Any CPU.Build.0 = Debug|Any CPU
		{0040C425-09A2-454D-9F99-3271629FCD6B}.Release|Any CPU.ActiveCfg = Release|Any CPU
		{0040C425-09A2-454D-9F99-3271629FCD6B}.Release|Any CPU.Build.0 = Release|Any CPU
		{5E4119DE-BB7C-4D7F-B90E-DC7E8E7E27B5}.Debug|Any CPU.ActiveCfg = Debug|Any CPU
		{5E4119DE-BB7C-4D7F-B90E-DC7E8E7E27B5}.Debug|Any CPU.Build.0 = Debug|Any CPU
		{5E4119DE-BB7C-4D7F-B90E-DC7E8E7E27B5}.Release|Any CPU.ActiveCfg = Release|Any CPU
		{5E4119DE-BB7C-4D7F-B90E-DC7E8E7E27B5}.Release|Any CPU.Build.0 = Release|Any CPU
		{4C28E04B-8662-4220-908A-FE449E8A8BD0}.Debug|Any CPU.ActiveCfg = Debug|Any CPU
		{4C28E04B-8662-4220-908A-FE449E8A8BD0}.Debug|Any CPU.Build.0 = Debug|Any CPU
		{4C28E04B-8662-4220-908A-FE449E8A8BD0}.Release|Any CPU.ActiveCfg = Release|Any CPU
		{4C28E04B-8662-4220-908A-FE449E8A8BD0}.Release|Any CPU.Build.0 = Release|Any CPU
		{2EFC63D5-5479-4B30-99E4-4EE775F9E8E5}.Debug|Any CPU.ActiveCfg = Debug|Any CPU
		{2EFC63D5-5479-4B30-99E4-4EE775F9E8E5}.Debug|Any CPU.Build.0 = Debug|Any CPU
		{2EFC63D5-5479-4B30-99E4-4EE775F9E8E5}.Release|Any CPU.ActiveCfg = Release|Any CPU
		{2EFC63D5-5479-4B30-99E4-4EE775F9E8E5}.Release|Any CPU.Build.0 = Release|Any CPU
		{E8BFAB53-EFB9-488D-B893-FF76031470D3}.Debug|Any CPU.ActiveCfg = Debug|Any CPU
		{E8BFAB53-EFB9-488D-B893-FF76031470D3}.Debug|Any CPU.Build.0 = Debug|Any CPU
		{E8BFAB53-EFB9-488D-B893-FF76031470D3}.Release|Any CPU.ActiveCfg = Release|Any CPU
		{E8BFAB53-EFB9-488D-B893-FF76031470D3}.Release|Any CPU.Build.0 = Release|Any CPU
		{A4A989FB-EB83-4993-B842-BB27C55389DB}.Debug|Any CPU.ActiveCfg = Debug|Any CPU
		{A4A989FB-EB83-4993-B842-BB27C55389DB}.Debug|Any CPU.Build.0 = Debug|Any CPU
		{A4A989FB-EB83-4993-B842-BB27C55389DB}.Release|Any CPU.ActiveCfg = Release|Any CPU
		{A4A989FB-EB83-4993-B842-BB27C55389DB}.Release|Any CPU.Build.0 = Release|Any CPU
		{0E800670-DB52-4C97-86BA-743B1BD54AB0}.Debug|Any CPU.ActiveCfg = Debug|Any CPU
		{0E800670-DB52-4C97-86BA-743B1BD54AB0}.Debug|Any CPU.Build.0 = Debug|Any CPU
		{0E800670-DB52-4C97-86BA-743B1BD54AB0}.Release|Any CPU.ActiveCfg = Release|Any CPU
		{0E800670-DB52-4C97-86BA-743B1BD54AB0}.Release|Any CPU.Build.0 = Release|Any CPU
		{19A05D34-0417-4503-914A-7B758EDF5B8C}.Debug|Any CPU.ActiveCfg = Debug|Any CPU
		{19A05D34-0417-4503-914A-7B758EDF5B8C}.Debug|Any CPU.Build.0 = Debug|Any CPU
		{19A05D34-0417-4503-914A-7B758EDF5B8C}.Release|Any CPU.ActiveCfg = Release|Any CPU
		{19A05D34-0417-4503-914A-7B758EDF5B8C}.Release|Any CPU.Build.0 = Release|Any CPU
		{ABC9396C-3412-4135-9AF6-40F17E4F2C04}.Debug|Any CPU.ActiveCfg = Debug|Any CPU
		{ABC9396C-3412-4135-9AF6-40F17E4F2C04}.Debug|Any CPU.Build.0 = Debug|Any CPU
		{ABC9396C-3412-4135-9AF6-40F17E4F2C04}.Release|Any CPU.ActiveCfg = Release|Any CPU
		{ABC9396C-3412-4135-9AF6-40F17E4F2C04}.Release|Any CPU.Build.0 = Release|Any CPU
		{7BCE1ACA-C632-4028-B51E-FA3E4AB534A1}.Debug|Any CPU.ActiveCfg = Debug|Any CPU
		{7BCE1ACA-C632-4028-B51E-FA3E4AB534A1}.Debug|Any CPU.Build.0 = Debug|Any CPU
		{7BCE1ACA-C632-4028-B51E-FA3E4AB534A1}.Release|Any CPU.ActiveCfg = Release|Any CPU
		{7BCE1ACA-C632-4028-B51E-FA3E4AB534A1}.Release|Any CPU.Build.0 = Release|Any CPU
		{666F1616-8014-466C-9106-059177533E5B}.Debug|Any CPU.ActiveCfg = Debug|Any CPU
		{666F1616-8014-466C-9106-059177533E5B}.Debug|Any CPU.Build.0 = Debug|Any CPU
		{666F1616-8014-466C-9106-059177533E5B}.Release|Any CPU.ActiveCfg = Release|Any CPU
		{666F1616-8014-466C-9106-059177533E5B}.Release|Any CPU.Build.0 = Release|Any CPU
	EndGlobalSection
	GlobalSection(SolutionProperties) = preSolution
		HideSolutionNode = FALSE
	EndGlobalSection
	GlobalSection(NestedProjects) = preSolution
		{51ADE494-9031-4059-8215-07B46D03A2F6} = {EB3E1718-9FA0-4C66-9874-FF685A914109}
		{4BDA572C-3589-41FB-A6A2-835E7E0C4877} = {45DB4DF7-48CE-420B-A7CB-C6E5FED6E975}
		{7DA5EBF9-986A-4860-8CCE-5355B1782C25} = {14A0B2F6-3096-4772-8D89-CC6C71E5A9B1}
		{74CC1EE2-54A7-408B-835C-08679E8096A0} = {14A0B2F6-3096-4772-8D89-CC6C71E5A9B1}
		{B6E339C6-5310-4C37-A18D-A9FEE292F62A} = {14A0B2F6-3096-4772-8D89-CC6C71E5A9B1}
		{A7CAC371-46D3-4958-8BF0-1AD33F0E5B9D} = {48219796-057F-425A-900B-1AEF89FB3BC8}
		{6A8D2520-6233-4D26-8BE5-E97C0724C827} = {48219796-057F-425A-900B-1AEF89FB3BC8}
		{66AD30A3-D315-457B-8EDF-7D7AD933030A} = {48219796-057F-425A-900B-1AEF89FB3BC8}
		{9081EAE8-C046-46C2-B377-B3DDA1BCA4BD} = {052C3B0A-CA88-4DF5-9427-166E7074B069}
		{0040C425-09A2-454D-9F99-3271629FCD6B} = {052C3B0A-CA88-4DF5-9427-166E7074B069}
		{5E4119DE-BB7C-4D7F-B90E-DC7E8E7E27B5} = {052C3B0A-CA88-4DF5-9427-166E7074B069}
		{4C28E04B-8662-4220-908A-FE449E8A8BD0} = {1042795C-95F9-4C6D-841A-F328D3B20E5C}
		{2EFC63D5-5479-4B30-99E4-4EE775F9E8E5} = {1042795C-95F9-4C6D-841A-F328D3B20E5C}
		{E8BFAB53-EFB9-488D-B893-FF76031470D3} = {1042795C-95F9-4C6D-841A-F328D3B20E5C}
		{A4A989FB-EB83-4993-B842-BB27C55389DB} = {85DAE9FA-E369-4BF8-8B1A-608E2773C6A6}
		{0E800670-DB52-4C97-86BA-743B1BD54AB0} = {85DAE9FA-E369-4BF8-8B1A-608E2773C6A6}
		{19A05D34-0417-4503-914A-7B758EDF5B8C} = {85DAE9FA-E369-4BF8-8B1A-608E2773C6A6}
		{ABC9396C-3412-4135-9AF6-40F17E4F2C04} = {CF663DCA-C786-4FD7-9DC0-389428FA9B85}
		{7BCE1ACA-C632-4028-B51E-FA3E4AB534A1} = {CF663DCA-C786-4FD7-9DC0-389428FA9B85}
		{666F1616-8014-466C-9106-059177533E5B} = {CF663DCA-C786-4FD7-9DC0-389428FA9B85}
	EndGlobalSection
	GlobalSection(ExtensibilityGlobals) = postSolution
		SolutionGuid = {C1335D3D-DA4F-44AE-8B5A-6AE57419C534}
	EndGlobalSection
EndGlobal
